
Microsoft Visual Studio Solution File, Format Version 12.00
# Visual Studio Version 16
VisualStudioVersion = 16.0.31105.61
MinimumVisualStudioVersion = 10.0.40219.1
Project("{888888A0-9F3D-457C-B088-3A5042F75D52}") = "DjangoTwitter", "DjangoTwitter\DjangoTwitter.pyproj", "{F30BD5BB-54C3-4D0B-9431-1EDE944BA53E}"
EndProject
Global
	GlobalSection(SolutionConfigurationPlatforms) = preSolution
		Debug|Any CPU = Debug|Any CPU
		Release|Any CPU = Release|Any CPU
	EndGlobalSection
	GlobalSection(ProjectConfigurationPlatforms) = postSolution
		{F30BD5BB-54C3-4D0B-9431-1EDE944BA53E}.Debug|Any CPU.ActiveCfg = Debug|Any CPU
		{F30BD5BB-54C3-4D0B-9431-1EDE944BA53E}.Debug|Any CPU.Build.0 = Debug|Any CPU
		{F30BD5BB-54C3-4D0B-9431-1EDE944BA53E}.Release|Any CPU.ActiveCfg = Release|Any CPU
		{F30BD5BB-54C3-4D0B-9431-1EDE944BA53E}.Release|Any CPU.Build.0 = Release|Any CPU
	EndGlobalSection
	GlobalSection(SolutionProperties) = preSolution
		HideSolutionNode = FALSE
	EndGlobalSection
	GlobalSection(ExtensibilityGlobals) = postSolution
		SolutionGuid = {9A4D4E44-678A-4759-AECE-2962EC40F116}
	EndGlobalSection
EndGlobal
